// !$*UTF8*$!
{
	archiveVersion = 1;
	classes = {
	};
	objectVersion = 48;
	objects = {

/* Begin PBXBuildFile section */
		E7470E572092B580009946F2 /* AppDelegate.swift in Sources */ = {isa = PBXBuildFile; fileRef = E7470E562092B580009946F2 /* AppDelegate.swift */; };
		E7470E592092B580009946F2 /* ViewController.swift in Sources */ = {isa = PBXBuildFile; fileRef = E7470E582092B580009946F2 /* ViewController.swift */; };
		E7470E5C2092B580009946F2 /* Main.storyboard in Resources */ = {isa = PBXBuildFile; fileRef = E7470E5A2092B580009946F2 /* Main.storyboard */; };
		E7470E5E2092B580009946F2 /* Assets.xcassets in Resources */ = {isa = PBXBuildFile; fileRef = E7470E5D2092B580009946F2 /* Assets.xcassets */; };
		E7470E612092B580009946F2 /* LaunchScreen.storyboard in Resources */ = {isa = PBXBuildFile; fileRef = E7470E5F2092B580009946F2 /* LaunchScreen.storyboard */; };
		E7470E6C2092B580009946F2 /* MDAnimationDemoTests.swift in Sources */ = {isa = PBXBuildFile; fileRef = E7470E6B2092B580009946F2 /* MDAnimationDemoTests.swift */; };
		E7470E772092B580009946F2 /* MDAnimationDemoUITests.swift in Sources */ = {isa = PBXBuildFile; fileRef = E7470E762092B580009946F2 /* MDAnimationDemoUITests.swift */; };
		E7470E852092B642009946F2 /* demo.gif in Resources */ = {isa = PBXBuildFile; fileRef = E7470E842092B642009946F2 /* demo.gif */; };
		E7470ECB2093253A009946F2 /* UIImage+MDExtension.swift in Sources */ = {isa = PBXBuildFile; fileRef = E7470ECA2093253A009946F2 /* UIImage+MDExtension.swift */; };
		E7470ECF2093271F009946F2 /* UIView+MDExtension.swift in Sources */ = {isa = PBXBuildFile; fileRef = E7470ECE2093271F009946F2 /* UIView+MDExtension.swift */; };
/* End PBXBuildFile section */

/* Begin PBXContainerItemProxy section */
		E7470E682092B580009946F2 /* PBXContainerItemProxy */ = {
			isa = PBXContainerItemProxy;
			containerPortal = E7470E4B2092B580009946F2 /* Project object */;
			proxyType = 1;
			remoteGlobalIDString = E7470E522092B580009946F2;
			remoteInfo = MDAnimationDemo;
		};
		E7470E732092B580009946F2 /* PBXContainerItemProxy */ = {
			isa = PBXContainerItemProxy;
			containerPortal = E7470E4B2092B580009946F2 /* Project object */;
			proxyType = 1;
			remoteGlobalIDString = E7470E522092B580009946F2;
			remoteInfo = MDAnimationDemo;
		};
/* End PBXContainerItemProxy section */

/* Begin PBXFileReference section */
		E7470E532092B580009946F2 /* MDAnimationDemo.app */ = {isa = PBXFileReference; explicitFileType = wrapper.application; includeInIndex = 0; path = MDAnimationDemo.app; sourceTree = BUILT_PRODUCTS_DIR; };
		E7470E562092B580009946F2 /* AppDelegate.swift */ = {isa = PBXFileReference; lastKnownFileType = sourcecode.swift; path = AppDelegate.swift; sourceTree = "<group>"; };
		E7470E582092B580009946F2 /* ViewController.swift */ = {isa = PBXFileReference; lastKnownFileType = sourcecode.swift; path = ViewController.swift; sourceTree = "<group>"; };
		E7470E5B2092B580009946F2 /* Base */ = {isa = PBXFileReference; lastKnownFileType = file.storyboard; name = Base; path = Base.lproj/Main.storyboard; sourceTree = "<group>"; };
		E7470E5D2092B580009946F2 /* Assets.xcassets */ = {isa = PBXFileReference; lastKnownFileType = folder.assetcatalog; path = Assets.xcassets; sourceTree = "<group>"; };
		E7470E602092B580009946F2 /* Base */ = {isa = PBXFileReference; lastKnownFileType = file.storyboard; name = Base; path = Base.lproj/LaunchScreen.storyboard; sourceTree = "<group>"; };
		E7470E622092B580009946F2 /* Info.plist */ = {isa = PBXFileReference; lastKnownFileType = text.plist.xml; path = Info.plist; sourceTree = "<group>"; };
		E7470E672092B580009946F2 /* MDAnimationDemoTests.xctest */ = {isa = PBXFileReference; explicitFileType = wrapper.cfbundle; includeInIndex = 0; path = MDAnimationDemoTests.xctest; sourceTree = BUILT_PRODUCTS_DIR; };
		E7470E6B2092B580009946F2 /* MDAnimationDemoTests.swift */ = {isa = PBXFileReference; lastKnownFileType = sourcecode.swift; path = MDAnimationDemoTests.swift; sourceTree = "<group>"; };
		E7470E6D2092B580009946F2 /* Info.plist */ = {isa = PBXFileReference; lastKnownFileType = text.plist.xml; path = Info.plist; sourceTree = "<group>"; };
		E7470E722092B580009946F2 /* MDAnimationDemoUITests.xctest */ = {isa = PBXFileReference; explicitFileType = wrapper.cfbundle; includeInIndex = 0; path = MDAnimationDemoUITests.xctest; sourceTree = BUILT_PRODUCTS_DIR; };
		E7470E762092B580009946F2 /* MDAnimationDemoUITests.swift */ = {isa = PBXFileReference; lastKnownFileType = sourcecode.swift; path = MDAnimationDemoUITests.swift; sourceTree = "<group>"; };
		E7470E782092B580009946F2 /* Info.plist */ = {isa = PBXFileReference; lastKnownFileType = text.plist.xml; path = Info.plist; sourceTree = "<group>"; };
		E7470E842092B642009946F2 /* demo.gif */ = {isa = PBXFileReference; lastKnownFileType = image.gif; path = demo.gif; sourceTree = "<group>"; };
		E7470ECA2093253A009946F2 /* UIImage+MDExtension.swift */ = {isa = PBXFileReference; fileEncoding = 4; lastKnownFileType = sourcecode.swift; path = "UIImage+MDExtension.swift"; sourceTree = "<group>"; };
		E7470ECE2093271F009946F2 /* UIView+MDExtension.swift */ = {isa = PBXFileReference; fileEncoding = 4; lastKnownFileType = sourcecode.swift; path = "UIView+MDExtension.swift"; sourceTree = "<group>"; };
/* End PBXFileReference section */

/* Begin PBXFrameworksBuildPhase section */
		E7470E502092B580009946F2 /* Frameworks */ = {
			isa = PBXFrameworksBuildPhase;
			buildActionMask = 2147483647;
			files = (
			);
			runOnlyForDeploymentPostprocessing = 0;
		};
		E7470E642092B580009946F2 /* Frameworks */ = {
			isa = PBXFrameworksBuildPhase;
			buildActionMask = 2147483647;
			files = (
			);
			runOnlyForDeploymentPostprocessing = 0;
		};
		E7470E6F2092B580009946F2 /* Frameworks */ = {
			isa = PBXFrameworksBuildPhase;
			buildActionMask = 2147483647;
			files = (
			);
			runOnlyForDeploymentPostprocessing = 0;
		};
/* End PBXFrameworksBuildPhase section */

/* Begin PBXGroup section */
		E7470E4A2092B57F009946F2 = {
			isa = PBXGroup;
			children = (
				E7470E552092B580009946F2 /* MDAnimationDemo */,
				E7470E6A2092B580009946F2 /* MDAnimationDemoTests */,
				E7470E752092B580009946F2 /* MDAnimationDemoUITests */,
				E7470E542092B580009946F2 /* Products */,
			);
			sourceTree = "<group>";
		};
		E7470E542092B580009946F2 /* Products */ = {
			isa = PBXGroup;
			children = (
				E7470E532092B580009946F2 /* MDAnimationDemo.app */,
				E7470E672092B580009946F2 /* MDAnimationDemoTests.xctest */,
				E7470E722092B580009946F2 /* MDAnimationDemoUITests.xctest */,
			);
			name = Products;
			sourceTree = "<group>";
		};
		E7470E552092B580009946F2 /* MDAnimationDemo */ = {
			isa = PBXGroup;
			children = (
				E7470E562092B580009946F2 /* AppDelegate.swift */,
				E7470E582092B580009946F2 /* ViewController.swift */,
				E7470ECA2093253A009946F2 /* UIImage+MDExtension.swift */,
				E7470ECE2093271F009946F2 /* UIView+MDExtension.swift */,
				E7470E5A2092B580009946F2 /* Main.storyboard */,
				E7470E842092B642009946F2 /* demo.gif */,
				E7470E5D2092B580009946F2 /* Assets.xcassets */,
				E7470E5F2092B580009946F2 /* LaunchScreen.storyboard */,
				E7470E622092B580009946F2 /* Info.plist */,
			);
			path = MDAnimationDemo;
			sourceTree = "<group>";
		};
		E7470E6A2092B580009946F2 /* MDAnimationDemoTests */ = {
			isa = PBXGroup;
			children = (
				E7470E6B2092B580009946F2 /* MDAnimationDemoTests.swift */,
				E7470E6D2092B580009946F2 /* Info.plist */,
			);
			path = MDAnimationDemoTests;
			sourceTree = "<group>";
		};
		E7470E752092B580009946F2 /* MDAnimationDemoUITests */ = {
			isa = PBXGroup;
			children = (
				E7470E762092B580009946F2 /* MDAnimationDemoUITests.swift */,
				E7470E782092B580009946F2 /* Info.plist */,
			);
			path = MDAnimationDemoUITests;
			sourceTree = "<group>";
		};
/* End PBXGroup section */

/* Begin PBXNativeTarget section */
		E7470E522092B580009946F2 /* MDAnimationDemo */ = {
			isa = PBXNativeTarget;
			buildConfigurationList = E7470E7B2092B580009946F2 /* Build configuration list for PBXNativeTarget "MDAnimationDemo" */;
			buildPhases = (
				E7470E4F2092B580009946F2 /* Sources */,
				E7470E502092B580009946F2 /* Frameworks */,
				E7470E512092B580009946F2 /* Resources */,
			);
			buildRules = (
			);
			dependencies = (
			);
			name = MDAnimationDemo;
			productName = MDAnimationDemo;
			productReference = E7470E532092B580009946F2 /* MDAnimationDemo.app */;
			productType = "com.apple.product-type.application";
		};
		E7470E662092B580009946F2 /* MDAnimationDemoTests */ = {
			isa = PBXNativeTarget;
			buildConfigurationList = E7470E7E2092B580009946F2 /* Build configuration list for PBXNativeTarget "MDAnimationDemoTests" */;
			buildPhases = (
				E7470E632092B580009946F2 /* Sources */,
				E7470E642092B580009946F2 /* Frameworks */,
				E7470E652092B580009946F2 /* Resources */,
			);
			buildRules = (
			);
			dependencies = (
				E7470E692092B580009946F2 /* PBXTargetDependency */,
			);
			name = MDAnimationDemoTests;
			productName = MDAnimationDemoTests;
			productReference = E7470E672092B580009946F2 /* MDAnimationDemoTests.xctest */;
			productType = "com.apple.product-type.bundle.unit-test";
		};
		E7470E712092B580009946F2 /* MDAnimationDemoUITests */ = {
			isa = PBXNativeTarget;
			buildConfigurationList = E7470E812092B580009946F2 /* Build configuration list for PBXNativeTarget "MDAnimationDemoUITests" */;
			buildPhases = (
				E7470E6E2092B580009946F2 /* Sources */,
				E7470E6F2092B580009946F2 /* Frameworks */,
				E7470E702092B580009946F2 /* Resources */,
			);
			buildRules = (
			);
			dependencies = (
				E7470E742092B580009946F2 /* PBXTargetDependency */,
			);
			name = MDAnimationDemoUITests;
			productName = MDAnimationDemoUITests;
			productReference = E7470E722092B580009946F2 /* MDAnimationDemoUITests.xctest */;
			productType = "com.apple.product-type.bundle.ui-testing";
		};
/* End PBXNativeTarget section */

/* Begin PBXProject section */
		E7470E4B2092B580009946F2 /* Project object */ = {
			isa = PBXProject;
			attributes = {
				LastSwiftUpdateCheck = 0920;
				LastUpgradeCheck = 0920;
				ORGANIZATIONNAME = MD;
				TargetAttributes = {
					E7470E522092B580009946F2 = {
						CreatedOnToolsVersion = 9.2;
						ProvisioningStyle = Automatic;
					};
					E7470E662092B580009946F2 = {
						CreatedOnToolsVersion = 9.2;
						ProvisioningStyle = Automatic;
						TestTargetID = E7470E522092B580009946F2;
					};
					E7470E712092B580009946F2 = {
						CreatedOnToolsVersion = 9.2;
						ProvisioningStyle = Automatic;
						TestTargetID = E7470E522092B580009946F2;
					};
				};
			};
			buildConfigurationList = E7470E4E2092B580009946F2 /* Build configuration list for PBXProject "MDAnimationDemo" */;
			compatibilityVersion = "Xcode 8.0";
			developmentRegion = en;
			hasScannedForEncodings = 0;
			knownRegions = (
				en,
				Base,
			);
			mainGroup = E7470E4A2092B57F009946F2;
			productRefGroup = E7470E542092B580009946F2 /* Products */;
			projectDirPath = "";
			projectRoot = "";
			targets = (
				E7470E522092B580009946F2 /* MDAnimationDemo */,
				E7470E662092B580009946F2 /* MDAnimationDemoTests */,
				E7470E712092B580009946F2 /* MDAnimationDemoUITests */,
			);
		};
/* End PBXProject section */

/* Begin PBXResourcesBuildPhase section */
		E7470E512092B580009946F2 /* Resources */ = {
			isa = PBXResourcesBuildPhase;
			buildActionMask = 2147483647;
			files = (
				E7470E612092B580009946F2 /* LaunchScreen.storyboard in Resources */,
				E7470E852092B642009946F2 /* demo.gif in Resources */,
				E7470E5E2092B580009946F2 /* Assets.xcassets in Resources */,
				E7470E5C2092B580009946F2 /* Main.storyboard in Resources */,
			);
			runOnlyForDeploymentPostprocessing = 0;
		};
		E7470E652092B580009946F2 /* Resources */ = {
			isa = PBXResourcesBuildPhase;
			buildActionMask = 2147483647;
			files = (
			);
			runOnlyForDeploymentPostprocessing = 0;
		};
		E7470E702092B580009946F2 /* Resources */ = {
			isa = PBXResourcesBuildPhase;
			buildActionMask = 2147483647;
			files = (
			);
			runOnlyForDeploymentPostprocessing = 0;
		};
/* End PBXResourcesBuildPhase section */

/* Begin PBXSourcesBuildPhase section */
		E7470E4F2092B580009946F2 /* Sources */ = {
			isa = PBXSourcesBuildPhase;
			buildActionMask = 2147483647;
			files = (
				E7470ECF2093271F009946F2 /* UIView+MDExtension.swift in Sources */,
				E7470E592092B580009946F2 /* ViewController.swift in Sources */,
				E7470E572092B580009946F2 /* AppDelegate.swift in Sources */,
				E7470ECB2093253A009946F2 /* UIImage+MDExtension.swift in Sources */,
			);
			runOnlyForDeploymentPostprocessing = 0;
		};
		E7470E632092B580009946F2 /* Sources */ = {
			isa = PBXSourcesBuildPhase;
			buildActionMask = 2147483647;
			files = (
				E7470E6C2092B580009946F2 /* MDAnimationDemoTests.swift in Sources */,
			);
			runOnlyForDeploymentPostprocessing = 0;
		};
		E7470E6E2092B580009946F2 /* Sources */ = {
			isa = PBXSourcesBuildPhase;
			buildActionMask = 2147483647;
			files = (
				E7470E772092B580009946F2 /* MDAnimationDemoUITests.swift in Sources */,
			);
			runOnlyForDeploymentPostprocessing = 0;
		};
/* End PBXSourcesBuildPhase section */

/* Begin PBXTargetDependency section */
		E7470E692092B580009946F2 /* PBXTargetDependency */ = {
			isa = PBXTargetDependency;
			target = E7470E522092B580009946F2 /* MDAnimationDemo */;
			targetProxy = E7470E682092B580009946F2 /* PBXContainerItemProxy */;
		};
		E7470E742092B580009946F2 /* PBXTargetDependency */ = {
			isa = PBXTargetDependency;
			target = E7470E522092B580009946F2 /* MDAnimationDemo */;
			targetProxy = E7470E732092B580009946F2 /* PBXContainerItemProxy */;
		};
/* End PBXTargetDependency section */

/* Begin PBXVariantGroup section */
		E7470E5A2092B580009946F2 /* Main.storyboard */ = {
			isa = PBXVariantGroup;
			children = (
				E7470E5B2092B580009946F2 /* Base */,
			);
			name = Main.storyboard;
			sourceTree = "<group>";
		};
		E7470E5F2092B580009946F2 /* LaunchScreen.storyboard */ = {
			isa = PBXVariantGroup;
			children = (
				E7470E602092B580009946F2 /* Base */,
			);
			name = LaunchScreen.storyboard;
			sourceTree = "<group>";
		};
/* End PBXVariantGroup section */

/* Begin XCBuildConfiguration section */
		E7470E792092B580009946F2 /* Debug */ = {
			isa = XCBuildConfiguration;
			buildSettings = {
				ALWAYS_SEARCH_USER_PATHS = NO;
				CLANG_ANALYZER_NONNULL = YES;
				CLANG_ANALYZER_NUMBER_OBJECT_CONVERSION = YES_AGGRESSIVE;
				CLANG_CXX_LANGUAGE_STANDARD = "gnu++14";
				CLANG_CXX_LIBRARY = "libc++";
				CLANG_ENABLE_MODULES = YES;
				CLANG_ENABLE_OBJC_ARC = YES;
				CLANG_WARN_BLOCK_CAPTURE_AUTORELEASING = YES;
				CLANG_WARN_BOOL_CONVERSION = YES;
				CLANG_WARN_COMMA = YES;
				CLANG_WARN_CONSTANT_CONVERSION = YES;
				CLANG_WARN_DIRECT_OBJC_ISA_USAGE = YES_ERROR;
				CLANG_WARN_DOCUMENTATION_COMMENTS = YES;
				CLANG_WARN_EMPTY_BODY = YES;
				CLANG_WARN_ENUM_CONVERSION = YES;
				CLANG_WARN_INFINITE_RECURSION = YES;
				CLANG_WARN_INT_CONVERSION = YES;
				CLANG_WARN_NON_LITERAL_NULL_CONVERSION = YES;
				CLANG_WARN_OBJC_LITERAL_CONVERSION = YES;
				CLANG_WARN_OBJC_ROOT_CLASS = YES_ERROR;
				CLANG_WARN_RANGE_LOOP_ANALYSIS = YES;
				CLANG_WARN_STRICT_PROTOTYPES = YES;
				CLANG_WARN_SUSPICIOUS_MOVE = YES;
				CLANG_WARN_UNGUARDED_AVAILABILITY = YES_AGGRESSIVE;
				CLANG_WARN_UNREACHABLE_CODE = YES;
				CLANG_WARN__DUPLICATE_METHOD_MATCH = YES;
				CODE_SIGN_IDENTITY = "iPhone Developer";
				COPY_PHASE_STRIP = NO;
				DEBUG_INFORMATION_FORMAT = dwarf;
				ENABLE_STRICT_OBJC_MSGSEND = YES;
				ENABLE_TESTABILITY = YES;
				GCC_C_LANGUAGE_STANDARD = gnu11;
				GCC_DYNAMIC_NO_PIC = NO;
				GCC_NO_COMMON_BLOCKS = YES;
				GCC_OPTIMIZATION_LEVEL = 0;
				GCC_PREPROCESSOR_DEFINITIONS = (
					"DEBUG=1",
					"$(inherited)",
				);
				GCC_WARN_64_TO_32_BIT_CONVERSION = YES;
				GCC_WARN_ABOUT_RETURN_TYPE = YES_ERROR;
				GCC_WARN_UNDECLARED_SELECTOR = YES;
				GCC_WARN_UNINITIALIZED_AUTOS = YES_AGGRESSIVE;
				GCC_WARN_UNUSED_FUNCTION = YES;
				GCC_WARN_UNUSED_VARIABLE = YES;
				IPHONEOS_DEPLOYMENT_TARGET = 11.2;
				MTL_ENABLE_DEBUG_INFO = YES;
				ONLY_ACTIVE_ARCH = YES;
				SDKROOT = iphoneos;
				SWIFT_ACTIVE_COMPILATION_CONDITIONS = DEBUG;
				SWIFT_OPTIMIZATION_LEVEL = "-Onone";
			};
			name = Debug;
		};
		E7470E7A2092B580009946F2 /* Release */ = {
			isa = XCBuildConfiguration;
			buildSettings = {
				ALWAYS_SEARCH_USER_PATHS = NO;
				CLANG_ANALYZER_NONNULL = YES;
				CLANG_ANALYZER_NUMBER_OBJECT_CONVERSION = YES_AGGRESSIVE;
				CLANG_CXX_LANGUAGE_STANDARD = "gnu++14";
				CLANG_CXX_LIBRARY = "libc++";
				CLANG_ENABLE_MODULES = YES;
				CLANG_ENABLE_OBJC_ARC = YES;
				CLANG_WARN_BLOCK_CAPTURE_AUTORELEASING = YES;
				CLANG_WARN_BOOL_CONVERSION = YES;
				CLANG_WARN_COMMA = YES;
				CLANG_WARN_CONSTANT_CONVERSION = YES;
				CLANG_WARN_DIRECT_OBJC_ISA_USAGE = YES_ERROR;
				CLANG_WARN_DOCUMENTATION_COMMENTS = YES;
				CLANG_WARN_EMPTY_BODY = YES;
				CLANG_WARN_ENUM_CONVERSION = YES;
				CLANG_WARN_INFINITE_RECURSION = YES;
				CLANG_WARN_INT_CONVERSION = YES;
				CLANG_WARN_NON_LITERAL_NULL_CONVERSION = YES;
				CLANG_WARN_OBJC_LITERAL_CONVERSION = YES;
				CLANG_WARN_OBJC_ROOT_CLASS = YES_ERROR;
				CLANG_WARN_RANGE_LOOP_ANALYSIS = YES;
				CLANG_WARN_STRICT_PROTOTYPES = YES;
				CLANG_WARN_SUSPICIOUS_MOVE = YES;
				CLANG_WARN_UNGUARDED_AVAILABILITY = YES_AGGRESSIVE;
				CLANG_WARN_UNREACHABLE_CODE = YES;
				CLANG_WARN__DUPLICATE_METHOD_MATCH = YES;
				CODE_SIGN_IDENTITY = "iPhone Developer";
				COPY_PHASE_STRIP = NO;
				DEBUG_INFORMATION_FORMAT = "dwarf-with-dsym";
				ENABLE_NS_ASSERTIONS = NO;
				ENABLE_STRICT_OBJC_MSGSEND = YES;
				GCC_C_LANGUAGE_STANDARD = gnu11;
				GCC_NO_COMMON_BLOCKS = YES;
				GCC_WARN_64_TO_32_BIT_CONVERSION = YES;
				GCC_WARN_ABOUT_RETURN_TYPE = YES_ERROR;
				GCC_WARN_UNDECLARED_SELECTOR = YES;
				GCC_WARN_UNINITIALIZED_AUTOS = YES_AGGRESSIVE;
				GCC_WARN_UNUSED_FUNCTION = YES;
				GCC_WARN_UNUSED_VARIABLE = YES;
				IPHONEOS_DEPLOYMENT_TARGET = 11.2;
				MTL_ENABLE_DEBUG_INFO = NO;
				SDKROOT = iphoneos;
				SWIFT_OPTIMIZATION_LEVEL = "-Owholemodule";
				VALIDATE_PRODUCT = YES;
			};
			name = Release;
		};
		E7470E7C2092B580009946F2 /* Debug */ = {
			isa = XCBuildConfiguration;
			buildSettings = {
				ASSETCATALOG_COMPILER_APPICON_NAME = AppIcon;
				CODE_SIGN_STYLE = Automatic;
				DEVELOPMENT_TEAM = ZS6H235QJT;
				INFOPLIST_FILE = MDAnimationDemo/Info.plist;
				LD_RUNPATH_SEARCH_PATHS = "$(inherited) @executable_path/Frameworks";
				PRODUCT_BUNDLE_IDENTIFIER = com.Alan.MDAnimationDemo;
				PRODUCT_NAME = "$(TARGET_NAME)";
				SWIFT_VERSION = 4.0;
				TARGETED_DEVICE_FAMILY = "1,2";
			};
			name = Debug;
		};
		E7470E7D2092B580009946F2 /* Release */ = {
			isa = XCBuildConfiguration;
			buildSettings = {
				ASSETCATALOG_COMPILER_APPICON_NAME = AppIcon;
				CODE_SIGN_STYLE = Automatic;
				DEVELOPMENT_TEAM = ZS6H235QJT;
				INFOPLIST_FILE = MDAnimationDemo/Info.plist;
				LD_RUNPATH_SEARCH_PATHS = "$(inherited) @executable_path/Frameworks";
				PRODUCT_BUNDLE_IDENTIFIER = com.Alan.MDAnimationDemo;
				PRODUCT_NAME = "$(TARGET_NAME)";
				SWIFT_VERSION = 4.0;
				TARGETED_DEVICE_FAMILY = "1,2";
			};
			name = Release;
		};
		E7470E7F2092B580009946F2 /* Debug */ = {
			isa = XCBuildConfiguration;
			buildSettings = {
				ALWAYS_EMBED_SWIFT_STANDARD_LIBRARIES = YES;
				BUNDLE_LOADER = "$(TEST_HOST)";
				CODE_SIGN_STYLE = Automatic;
				DEVELOPMENT_TEAM = ZS6H235QJT;
				INFOPLIST_FILE = MDAnimationDemoTests/Info.plist;
				LD_RUNPATH_SEARCH_PATHS = "$(inherited) @executable_path/Frameworks @loader_path/Frameworks";
				PRODUCT_BUNDLE_IDENTIFIER = com.Alan.MDAnimationDemoTests;
				PRODUCT_NAME = "$(TARGET_NAME)";
				SWIFT_VERSION = 4.0;
				TARGETED_DEVICE_FAMILY = "1,2";
				TEST_HOST = "$(BUILT_PRODUCTS_DIR)/MDAnimationDemo.app/MDAnimationDemo";
			};
			name = Debug;
		};
		E7470E802092B580009946F2 /* Release */ = {
			isa = XCBuildConfiguration;
			buildSettings = {
				ALWAYS_EMBED_SWIFT_STANDARD_LIBRARIES = YES;
				BUNDLE_LOADER = "$(TEST_HOST)";
				CODE_SIGN_STYLE = Automatic;
				DEVELOPMENT_TEAM = ZS6H235QJT;
				INFOPLIST_FILE = MDAnimationDemoTests/Info.plist;
				LD_RUNPATH_SEARCH_PATHS = "$(inherited) @executable_path/Frameworks @loader_path/Frameworks";
				PRODUCT_BUNDLE_IDENTIFIER = com.Alan.MDAnimationDemoTests;
				PRODUCT_NAME = "$(TARGET_NAME)";
				SWIFT_VERSION = 4.0;
				TARGETED_DEVICE_FAMILY = "1,2";
				TEST_HOST = "$(BUILT_PRODUCTS_DIR)/MDAnimationDemo.app/MDAnimationDemo";
			};
			name = Release;
		};
		E7470E822092B580009946F2 /* Debug */ = {
			isa = XCBuildConfiguration;
			buildSettings = {
				ALWAYS_EMBED_SWIFT_STANDARD_LIBRARIES = YES;
				CODE_SIGN_STYLE = Automatic;
				DEVELOPMENT_TEAM = ZS6H235QJT;
				INFOPLIST_FILE = MDAnimationDemoUITests/Info.plist;
				LD_RUNPATH_SEARCH_PATHS = "$(inherited) @executable_path/Frameworks @loader_path/Frameworks";
				PRODUCT_BUNDLE_IDENTIFIER = com.Alan.MDAnimationDemoUITests;
				PRODUCT_NAME = "$(TARGET_NAME)";
				SWIFT_VERSION = 4.0;
				TARGETED_DEVICE_FAMILY = "1,2";
				TEST_TARGET_NAME = MDAnimationDemo;
			};
			name = Debug;
		};
		E7470E832092B580009946F2 /* Release */ = {
			isa = XCBuildConfiguration;
			buildSettings = {
				ALWAYS_EMBED_SWIFT_STANDARD_LIBRARIES = YES;
				CODE_SIGN_STYLE = Automatic;
				DEVELOPMENT_TEAM = ZS6H235QJT;
				INFOPLIST_FILE = MDAnimationDemoUITests/Info.plist;
				LD_RUNPATH_SEARCH_PATHS = "$(inherited) @executable_path/Frameworks @loader_path/Frameworks";
				PRODUCT_BUNDLE_IDENTIFIER = com.Alan.MDAnimationDemoUITests;
				PRODUCT_NAME = "$(TARGET_NAME)";
				SWIFT_VERSION = 4.0;
				TARGETED_DEVICE_FAMILY = "1,2";
				TEST_TARGET_NAME = MDAnimationDemo;
			};
			name = Release;
		};
/* End XCBuildConfiguration section */

/* Begin XCConfigurationList section */
		E7470E4E2092B580009946F2 /* Build configuration list for PBXProject "MDAnimationDemo" */ = {
			isa = XCConfigurationList;
			buildConfigurations = (
				E7470E792092B580009946F2 /* Debug */,
				E7470E7A2092B580009946F2 /* Release */,
			);
			defaultConfigurationIsVisible = 0;
			defaultConfigurationName = Release;
		};
		E7470E7B2092B580009946F2 /* Build configuration list for PBXNativeTarget "MDAnimationDemo" */ = {
			isa = XCConfigurationList;
			buildConfigurations = (
				E7470E7C2092B580009946F2 /* Debug */,
				E7470E7D2092B580009946F2 /* Release */,
			);
			defaultConfigurationIsVisible = 0;
			defaultConfigurationName = Release;
		};
		E7470E7E2092B580009946F2 /* Build configuration list for PBXNativeTarget "MDAnimationDemoTests" */ = {
			isa = XCConfigurationList;
			buildConfigurations = (
				E7470E7F2092B580009946F2 /* Debug */,
				E7470E802092B580009946F2 /* Release */,
			);
			defaultConfigurationIsVisible = 0;
			defaultConfigurationName = Release;
		};
		E7470E812092B580009946F2 /* Build configuration list for PBXNativeTarget "MDAnimationDemoUITests" */ = {
			isa = XCConfigurationList;
			buildConfigurations = (
				E7470E822092B580009946F2 /* Debug */,
				E7470E832092B580009946F2 /* Release */,
			);
			defaultConfigurationIsVisible = 0;
			defaultConfigurationName = Release;
		};
/* End XCConfigurationList section */
	};
	rootObject = E7470E4B2092B580009946F2 /* Project object */;
}
